// !$*UTF8*$!
{
	archiveVersion = 1;
	classes = {
	};
	objectVersion = 46;
	objects = {

/* Begin PBXBuildFile section */
		D0E1A8E419C04001007FB365 /* AppDelegate.swift in Sources */ = {isa = PBXBuildFile; fileRef = D0E1A8E319C04001007FB365 /* AppDelegate.swift */; };
		D0E1A8E619C04001007FB365 /* ViewController.swift in Sources */ = {isa = PBXBuildFile; fileRef = D0E1A8E519C04001007FB365 /* ViewController.swift */; };
		D0E1A8E919C04001007FB365 /* Main.storyboard in Resources */ = {isa = PBXBuildFile; fileRef = D0E1A8E719C04001007FB365 /* Main.storyboard */; };
		D0E1A8EB19C04001007FB365 /* Images.xcassets in Resources */ = {isa = PBXBuildFile; fileRef = D0E1A8EA19C04001007FB365 /* Images.xcassets */; };
		D0E1A8EE19C04001007FB365 /* LaunchScreen.xib in Resources */ = {isa = PBXBuildFile; fileRef = D0E1A8EC19C04001007FB365 /* LaunchScreen.xib */; };
		D0E1A8FA19C04001007FB365 /* RemoteTimeTests.swift in Sources */ = {isa = PBXBuildFile; fileRef = D0E1A8F919C04001007FB365 /* RemoteTimeTests.swift */; };
/* End PBXBuildFile section */

/* Begin PBXContainerItemProxy section */
		D0E1A8F419C04001007FB365 /* PBXContainerItemProxy */ = {
			isa = PBXContainerItemProxy;
			containerPortal = D0E1A8D619C04001007FB365 /* Project object */;
			proxyType = 1;
			remoteGlobalIDString = D0E1A8DD19C04001007FB365;
			remoteInfo = RemoteTime;
		};
/* End PBXContainerItemProxy section */

/* Begin PBXFileReference section */
		D0E1A8DE19C04001007FB365 /* RemoteTime.app */ = {isa = PBXFileReference; explicitFileType = wrapper.application; includeInIndex = 0; path = RemoteTime.app; sourceTree = BUILT_PRODUCTS_DIR; };
		D0E1A8E219C04001007FB365 /* Info.plist */ = {isa = PBXFileReference; lastKnownFileType = text.plist.xml; path = Info.plist; sourceTree = "<group>"; };
		D0E1A8E319C04001007FB365 /* AppDelegate.swift */ = {isa = PBXFileReference; lastKnownFileType = sourcecode.swift; path = AppDelegate.swift; sourceTree = "<group>"; };
		D0E1A8E519C04001007FB365 /* ViewController.swift */ = {isa = PBXFileReference; lastKnownFileType = sourcecode.swift; path = ViewController.swift; sourceTree = "<group>"; };
		D0E1A8E819C04001007FB365 /* Base */ = {isa = PBXFileReference; lastKnownFileType = file.storyboard; name = Base; path = Base.lproj/Main.storyboard; sourceTree = "<group>"; };
		D0E1A8EA19C04001007FB365 /* Images.xcassets */ = {isa = PBXFileReference; lastKnownFileType = folder.assetcatalog; path = Images.xcassets; sourceTree = "<group>"; };
		D0E1A8ED19C04001007FB365 /* Base */ = {isa = PBXFileReference; lastKnownFileType = file.xib; name = Base; path = Base.lproj/LaunchScreen.xib; sourceTree = "<group>"; };
		D0E1A8F319C04001007FB365 /* RemoteTimeTests.xctest */ = {isa = PBXFileReference; explicitFileType = wrapper.cfbundle; includeInIndex = 0; path = RemoteTimeTests.xctest; sourceTree = BUILT_PRODUCTS_DIR; };
		D0E1A8F819C04001007FB365 /* Info.plist */ = {isa = PBXFileReference; lastKnownFileType = text.plist.xml; path = Info.plist; sourceTree = "<group>"; };
		D0E1A8F919C04001007FB365 /* RemoteTimeTests.swift */ = {isa = PBXFileReference; lastKnownFileType = sourcecode.swift; path = RemoteTimeTests.swift; sourceTree = "<group>"; };
/* End PBXFileReference section */

/* Begin PBXFrameworksBuildPhase section */
		D0E1A8DB19C04001007FB365 /* Frameworks */ = {
			isa = PBXFrameworksBuildPhase;
			buildActionMask = 2147483647;
			files = (
			);
			runOnlyForDeploymentPostprocessing = 0;
		};
		D0E1A8F019C04001007FB365 /* Frameworks */ = {
			isa = PBXFrameworksBuildPhase;
			buildActionMask = 2147483647;
			files = (
			);
			runOnlyForDeploymentPostprocessing = 0;
		};
/* End PBXFrameworksBuildPhase section */

/* Begin PBXGroup section */
		D0E1A8D519C04001007FB365 = {
			isa = PBXGroup;
			children = (
				D0E1A8E019C04001007FB365 /* RemoteTime */,
				D0E1A8F619C04001007FB365 /* RemoteTimeTests */,
				D0E1A8DF19C04001007FB365 /* Products */,
			);
			sourceTree = "<group>";
		};
		D0E1A8DF19C04001007FB365 /* Products */ = {
			isa = PBXGroup;
			children = (
				D0E1A8DE19C04001007FB365 /* RemoteTime.app */,
				D0E1A8F319C04001007FB365 /* RemoteTimeTests.xctest */,
			);
			name = Products;
			sourceTree = "<group>";
		};
		D0E1A8E019C04001007FB365 /* RemoteTime */ = {
			isa = PBXGroup;
			children = (
				D0E1A8E319C04001007FB365 /* AppDelegate.swift */,
				D0E1A8E519C04001007FB365 /* ViewController.swift */,
				D0E1A8E719C04001007FB365 /* Main.storyboard */,
				D0E1A8EA19C04001007FB365 /* Images.xcassets */,
				D0E1A8EC19C04001007FB365 /* LaunchScreen.xib */,
				D0E1A8E119C04001007FB365 /* Supporting Files */,
			);
			path = RemoteTime;
			sourceTree = "<group>";
		};
		D0E1A8E119C04001007FB365 /* Supporting Files */ = {
			isa = PBXGroup;
			children = (
				D0E1A8E219C04001007FB365 /* Info.plist */,
			);
			name = "Supporting Files";
			sourceTree = "<group>";
		};
		D0E1A8F619C04001007FB365 /* RemoteTimeTests */ = {
			isa = PBXGroup;
			children = (
				D0E1A8F919C04001007FB365 /* RemoteTimeTests.swift */,
				D0E1A8F719C04001007FB365 /* Supporting Files */,
			);
			path = RemoteTimeTests;
			sourceTree = "<group>";
		};
		D0E1A8F719C04001007FB365 /* Supporting Files */ = {
			isa = PBXGroup;
			children = (
				D0E1A8F819C04001007FB365 /* Info.plist */,
			);
			name = "Supporting Files";
			sourceTree = "<group>";
		};
/* End PBXGroup section */

/* Begin PBXNativeTarget section */
		D0E1A8DD19C04001007FB365 /* RemoteTime */ = {
			isa = PBXNativeTarget;
			buildConfigurationList = D0E1A8FD19C04001007FB365 /* Build configuration list for PBXNativeTarget "RemoteTime" */;
			buildPhases = (
				D0E1A8DA19C04001007FB365 /* Sources */,
				D0E1A8DB19C04001007FB365 /* Frameworks */,
				D0E1A8DC19C04001007FB365 /* Resources */,
			);
			buildRules = (
			);
			dependencies = (
			);
			name = RemoteTime;
			productName = RemoteTime;
			productReference = D0E1A8DE19C04001007FB365 /* RemoteTime.app */;
			productType = "com.apple.product-type.application";
		};
		D0E1A8F219C04001007FB365 /* RemoteTimeTests */ = {
			isa = PBXNativeTarget;
			buildConfigurationList = D0E1A90019C04001007FB365 /* Build configuration list for PBXNativeTarget "RemoteTimeTests" */;
			buildPhases = (
				D0E1A8EF19C04001007FB365 /* Sources */,
				D0E1A8F019C04001007FB365 /* Frameworks */,
				D0E1A8F119C04001007FB365 /* Resources */,
			);
			buildRules = (
			);
			dependencies = (
				D0E1A8F519C04001007FB365 /* PBXTargetDependency */,
			);
			name = RemoteTimeTests;
			productName = RemoteTimeTests;
			productReference = D0E1A8F319C04001007FB365 /* RemoteTimeTests.xctest */;
			productType = "com.apple.product-type.bundle.unit-test";
		};
/* End PBXNativeTarget section */

/* Begin PBXProject section */
		D0E1A8D619C04001007FB365 /* Project object */ = {
			isa = PBXProject;
			attributes = {
				LastUpgradeCheck = 0600;
				ORGANIZATIONNAME = "Peter Tikhomirov";
				TargetAttributes = {
					D0E1A8DD19C04001007FB365 = {
						CreatedOnToolsVersion = 6.0;
					};
					D0E1A8F219C04001007FB365 = {
						CreatedOnToolsVersion = 6.0;
						TestTargetID = D0E1A8DD19C04001007FB365;
					};
				};
			};
			buildConfigurationList = D0E1A8D919C04001007FB365 /* Build configuration list for PBXProject "RemoteTime" */;
			compatibilityVersion = "Xcode 3.2";
			developmentRegion = English;
			hasScannedForEncodings = 0;
			knownRegions = (
				en,
				Base,
			);
			mainGroup = D0E1A8D519C04001007FB365;
			productRefGroup = D0E1A8DF19C04001007FB365 /* Products */;
			projectDirPath = "";
			projectRoot = "";
			targets = (
				D0E1A8DD19C04001007FB365 /* RemoteTime */,
				D0E1A8F219C04001007FB365 /* RemoteTimeTests */,
			);
		};
/* End PBXProject section */

/* Begin PBXResourcesBuildPhase section */
		D0E1A8DC19C04001007FB365 /* Resources */ = {
			isa = PBXResourcesBuildPhase;
			buildActionMask = 2147483647;
			files = (
				D0E1A8E919C04001007FB365 /* Main.storyboard in Resources */,
				D0E1A8EE19C04001007FB365 /* LaunchScreen.xib in Resources */,
				D0E1A8EB19C04001007FB365 /* Images.xcassets in Resources */,
			);
			runOnlyForDeploymentPostprocessing = 0;
		};
		D0E1A8F119C04001007FB365 /* Resources */ = {
			isa = PBXResourcesBuildPhase;
			buildActionMask = 2147483647;
			files = (
			);
			runOnlyForDeploymentPostprocessing = 0;
		};
/* End PBXResourcesBuildPhase section */

/* Begin PBXSourcesBuildPhase section */
		D0E1A8DA19C04001007FB365 /* Sources */ = {
			isa = PBXSourcesBuildPhase;
			buildActionMask = 2147483647;
			files = (
				D0E1A8E619C04001007FB365 /* ViewController.swift in Sources */,
				D0E1A8E419C04001007FB365 /* AppDelegate.swift in Sources */,
			);
			runOnlyForDeploymentPostprocessing = 0;
		};
		D0E1A8EF19C04001007FB365 /* Sources */ = {
			isa = PBXSourcesBuildPhase;
			buildActionMask = 2147483647;
			files = (
				D0E1A8FA19C04001007FB365 /* RemoteTimeTests.swift in Sources */,
			);
			runOnlyForDeploymentPostprocessing = 0;
		};
/* End PBXSourcesBuildPhase section */

/* Begin PBXTargetDependency section */
		D0E1A8F519C04001007FB365 /* PBXTargetDependency */ = {
			isa = PBXTargetDependency;
			target = D0E1A8DD19C04001007FB365 /* RemoteTime */;
			targetProxy = D0E1A8F419C04001007FB365 /* PBXContainerItemProxy */;
		};
/* End PBXTargetDependency section */

/* Begin PBXVariantGroup section */
		D0E1A8E719C04001007FB365 /* Main.storyboard */ = {
			isa = PBXVariantGroup;
			children = (
				D0E1A8E819C04001007FB365 /* Base */,
			);
			name = Main.storyboard;
			sourceTree = "<group>";
		};
		D0E1A8EC19C04001007FB365 /* LaunchScreen.xib */ = {
			isa = PBXVariantGroup;
			children = (
				D0E1A8ED19C04001007FB365 /* Base */,
			);
			name = LaunchScreen.xib;
			sourceTree = "<group>";
		};
/* End PBXVariantGroup section */

/* Begin XCBuildConfiguration section */
		D0E1A8FB19C04001007FB365 /* Debug */ = {
			isa = XCBuildConfiguration;
			buildSettings = {
				ALWAYS_SEARCH_USER_PATHS = NO;
				CLANG_CXX_LANGUAGE_STANDARD = "gnu++0x";
				CLANG_CXX_LIBRARY = "libc++";
				CLANG_ENABLE_MODULES = YES;
				CLANG_ENABLE_OBJC_ARC = YES;
				CLANG_WARN_BOOL_CONVERSION = YES;
				CLANG_WARN_CONSTANT_CONVERSION = YES;
				CLANG_WARN_DIRECT_OBJC_ISA_USAGE = YES_ERROR;
				CLANG_WARN_EMPTY_BODY = YES;
				CLANG_WARN_ENUM_CONVERSION = YES;
				CLANG_WARN_INT_CONVERSION = YES;
				CLANG_WARN_OBJC_ROOT_CLASS = YES_ERROR;
				CLANG_WARN_UNREACHABLE_CODE = YES;
				CLANG_WARN__DUPLICATE_METHOD_MATCH = YES;
				"CODE_SIGN_IDENTITY[sdk=iphoneos*]" = "iPhone Developer";
				COPY_PHASE_STRIP = NO;
				ENABLE_STRICT_OBJC_MSGSEND = YES;
				GCC_C_LANGUAGE_STANDARD = gnu99;
				GCC_DYNAMIC_NO_PIC = NO;
				GCC_OPTIMIZATION_LEVEL = 0;
				GCC_PREPROCESSOR_DEFINITIONS = (
					"DEBUG=1",
					"$(inherited)",
				);
				GCC_SYMBOLS_PRIVATE_EXTERN = NO;
				GCC_WARN_64_TO_32_BIT_CONVERSION = YES;
				GCC_WARN_ABOUT_RETURN_TYPE = YES_ERROR;
				GCC_WARN_UNDECLARED_SELECTOR = YES;
				GCC_WARN_UNINITIALIZED_AUTOS = YES_AGGRESSIVE;
				GCC_WARN_UNUSED_FUNCTION = YES;
				GCC_WARN_UNUSED_VARIABLE = YES;
				IPHONEOS_DEPLOYMENT_TARGET = 8.0;
				MTL_ENABLE_DEBUG_INFO = YES;
				ONLY_ACTIVE_ARCH = YES;
				SDKROOT = iphoneos;
				SWIFT_OPTIMIZATION_LEVEL = "-Onone";
			};
			name = Debug;
		};
		D0E1A8FC19C04001007FB365 /* Release */ = {
			isa = XCBuildConfiguration;
			buildSettings = {
				ALWAYS_SEARCH_USER_PATHS = NO;
				CLANG_CXX_LANGUAGE_STANDARD = "gnu++0x";
				CLANG_CXX_LIBRARY = "libc++";
				CLANG_ENABLE_MODULES = YES;
				CLANG_ENABLE_OBJC_ARC = YES;
				CLANG_WARN_BOOL_CONVERSION = YES;
				CLANG_WARN_CONSTANT_CONVERSION = YES;
				CLANG_WARN_DIRECT_OBJC_ISA_USAGE = YES_ERROR;
				CLANG_WARN_EMPTY_BODY = YES;
				CLANG_WARN_ENUM_CONVERSION = YES;
				CLANG_WARN_INT_CONVERSION = YES;
				CLANG_WARN_OBJC_ROOT_CLASS = YES_ERROR;
				CLANG_WARN_UNREACHABLE_CODE = YES;
				CLANG_WARN__DUPLICATE_METHOD_MATCH = YES;
				"CODE_SIGN_IDENTITY[sdk=iphoneos*]" = "iPhone Developer";
				COPY_PHASE_STRIP = YES;
				ENABLE_NS_ASSERTIONS = NO;
				ENABLE_STRICT_OBJC_MSGSEND = YES;
				GCC_C_LANGUAGE_STANDARD = gnu99;
				GCC_WARN_64_TO_32_BIT_CONVERSION = YES;
				GCC_WARN_ABOUT_RETURN_TYPE = YES_ERROR;
				GCC_WARN_UNDECLARED_SELECTOR = YES;
				GCC_WARN_UNINITIALIZED_AUTOS = YES_AGGRESSIVE;
				GCC_WARN_UNUSED_FUNCTION = YES;
				GCC_WARN_UNUSED_VARIABLE = YES;
				IPHONEOS_DEPLOYMENT_TARGET = 8.0;
				MTL_ENABLE_DEBUG_INFO = NO;
				SDKROOT = iphoneos;
				VALIDATE_PRODUCT = YES;
			};
			name = Release;
		};
		D0E1A8FE19C04001007FB365 /* Debug */ = {
			isa = XCBuildConfiguration;
			buildSettings = {
				ASSETCATALOG_COMPILER_APPICON_NAME = AppIcon;
				INFOPLIST_FILE = RemoteTime/Info.plist;
				LD_RUNPATH_SEARCH_PATHS = "$(inherited) @executable_path/Frameworks";
				PRODUCT_NAME = "$(TARGET_NAME)";
			};
			name = Debug;
		};
		D0E1A8FF19C04001007FB365 /* Release */ = {
			isa = XCBuildConfiguration;
			buildSettings = {
				ASSETCATALOG_COMPILER_APPICON_NAME = AppIcon;
				INFOPLIST_FILE = RemoteTime/Info.plist;
				LD_RUNPATH_SEARCH_PATHS = "$(inherited) @executable_path/Frameworks";
				PRODUCT_NAME = "$(TARGET_NAME)";
			};
			name = Release;
		};
		D0E1A90119C04001007FB365 /* Debug */ = {
			isa = XCBuildConfiguration;
			buildSettings = {
				BUNDLE_LOADER = "$(TEST_HOST)";
				FRAMEWORK_SEARCH_PATHS = (
					"$(SDKROOT)/Developer/Library/Frameworks",
					"$(inherited)",
				);
				GCC_PREPROCESSOR_DEFINITIONS = (
					"DEBUG=1",
					"$(inherited)",
				);
				INFOPLIST_FILE = RemoteTimeTests/Info.plist;
				LD_RUNPATH_SEARCH_PATHS = "$(inherited) @executable_path/Frameworks @loader_path/Frameworks";
				PRODUCT_NAME = "$(TARGET_NAME)";
				TEST_HOST = "$(BUILT_PRODUCTS_DIR)/RemoteTime.app/RemoteTime";
			};
			name = Debug;
		};
		D0E1A90219C04001007FB365 /* Release */ = {
			isa = XCBuildConfiguration;
			buildSettings = {
				BUNDLE_LOADER = "$(TEST_HOST)";
				FRAMEWORK_SEARCH_PATHS = (
					"$(SDKROOT)/Developer/Library/Frameworks",
					"$(inherited)",
				);
				INFOPLIST_FILE = RemoteTimeTests/Info.plist;
				LD_RUNPATH_SEARCH_PATHS = "$(inherited) @executable_path/Frameworks @loader_path/Frameworks";
				PRODUCT_NAME = "$(TARGET_NAME)";
				TEST_HOST = "$(BUILT_PRODUCTS_DIR)/RemoteTime.app/RemoteTime";
			};
			name = Release;
		};
/* End XCBuildConfiguration section */

/* Begin XCConfigurationList section */
		D0E1A8D919C04001007FB365 /* Build configuration list for PBXProject "RemoteTime" */ = {
			isa = XCConfigurationList;
			buildConfigurations = (
				D0E1A8FB19C04001007FB365 /* Debug */,
				D0E1A8FC19C04001007FB365 /* Release */,
			);
			defaultConfigurationIsVisible = 0;
			defaultConfigurationName = Release;
		};
		D0E1A8FD19C04001007FB365 /* Build configuration list for PBXNativeTarget "RemoteTime" */ = {
			isa = XCConfigurationList;
			buildConfigurations = (
				D0E1A8FE19C04001007FB365 /* Debug */,
				D0E1A8FF19C04001007FB365 /* Release */,
			);
			defaultConfigurationIsVisible = 0;
		};
		D0E1A90019C04001007FB365 /* Build configuration list for PBXNativeTarget "RemoteTimeTests" */ = {
			isa = XCConfigurationList;
			buildConfigurations = (
				D0E1A90119C04001007FB365 /* Debug */,
				D0E1A90219C04001007FB365 /* Release */,
			);
			defaultConfigurationIsVisible = 0;
		};
/* End XCConfigurationList section */
	};
	rootObject = D0E1A8D619C04001007FB365 /* Project object */;
}
